
Microsoft Visual Studio Solution File, Format Version 12.00
# Visual Studio 15
Project("{FAE04EC0-301F-11D3-BF4B-00C04F79EFBC}") = "AdaptiveCards.iOS.Binding", "AdaptiveCards.iOS.Binding\AdaptiveCards.iOS.Binding.csproj", "{AB815932-7660-4F97-A329-D18D1FC1FDB9}"
EndProject
Global
	GlobalSection(SolutionConfigurationPlatforms) = preSolution
		Debug|Any CPU = Debug|Any CPU
		Release|Any CPU = Release|Any CPU
	EndGlobalSection
	GlobalSection(ProjectConfigurationPlatforms) = postSolution
		{AB815932-7660-4F97-A329-D18D1FC1FDB9}.Debug|Any CPU.ActiveCfg = Debug|Any CPU
		{AB815932-7660-4F97-A329-D18D1FC1FDB9}.Debug|Any CPU.Build.0 = Debug|Any CPU
		{AB815932-7660-4F97-A329-D18D1FC1FDB9}.Release|Any CPU.ActiveCfg = Release|Any CPU
		{AB815932-7660-4F97-A329-D18D1FC1FDB9}.Release|Any CPU.Build.0 = Release|Any CPU
	EndGlobalSection
EndGlobal
